
Microsoft Visual Studio Solution File, Format Version 12.00
# Visual Studio Version 17
VisualStudioVersion = 17.14.36429.23
MinimumVisualStudioVersion = 10.0.40219.1
Project("{2150E333-8FDC-42A3-9474-1A3956D46DE8}") = "Task0", "Task0", "{02EA681E-C7D8-13C7-8484-4AC65E1B71E8}"
EndProject
Project("{FAE04EC0-301F-11D3-BF4B-00C04F79EFBC}") = "Tyuiu.VlasenkoAE.Sprint2.Task0.V21", "Tyuiu.VlasenkoAE.Sprint2.Task0.V21\Tyuiu.VlasenkoAE.Sprint2.Task0.V21.csproj", "{88CA921E-70D1-4D0D-B193-F95217ABB904}"
EndProject
Project("{FAE04EC0-301F-11D3-BF4B-00C04F79EFBC}") = "Tyuiu.VlasenkoAE.Sprint2.Task0.V21.Lib", "Tyuiu.VlasenkoAE.Sprint2.Task0.V21.Lib\Tyuiu.VlasenkoAE.Sprint2.Task0.V21.Lib.csproj", "{1B2360C2-41A8-422F-8F1E-4129E79A38D8}"
EndProject
Project("{FAE04EC0-301F-11D3-BF4B-00C04F79EFBC}") = "Tyuiu.VlasenkoAE.Sprint2.Task0.V21.Test", "Tyuiu.VlasenkoAE.Sprint2.Task0.V21.Test\Tyuiu.VlasenkoAE.Sprint2.Task0.V21.Test.csproj", "{0BC4C60D-4FFD-41F4-9EE9-B94C12E7F193}"
EndProject
Project("{2150E333-8FDC-42A3-9474-1A3956D46DE8}") = "Task1", "Task1", "{0ECAE45B-39B9-4659-8D87-3A9C5645FD5D}"
EndProject
Project("{FAE04EC0-301F-11D3-BF4B-00C04F79EFBC}") = "Tyuiu.VlasenkoAE.Sprint2.Task1.V10", "Tyuiu.VlasenkoAE.Sprint2.Task1.V10\Tyuiu.VlasenkoAE.Sprint2.Task1.V10.csproj", "{5F7B2DBC-6911-493E-B670-7F13A810A05B}"
EndProject
Project("{FAE04EC0-301F-11D3-BF4B-00C04F79EFBC}") = "Tyuiu.VlasenkoAE.Sprint2.Task1.V10.Lib", "Tyuiu.VlasenkoAE.Sprint2.Task1.V10.Lib\Tyuiu.VlasenkoAE.Sprint2.Task1.V10.Lib.csproj", "{0380ADA5-5877-40B7-8705-560EDE0C1FE7}"
EndProject
Project("{FAE04EC0-301F-11D3-BF4B-00C04F79EFBC}") = "Tyuiu.VlasenkoAE.Sprint2.Task1.V10.Test", "Tyuiu.VlasenkoAE.Sprint2.Task1.V10.Test\Tyuiu.VlasenkoAE.Sprint2.Task1.V10.Test.csproj", "{392D51B5-48F4-4C04-A61C-9876359B031E}"
EndProject
Project("{2150E333-8FDC-42A3-9474-1A3956D46DE8}") = "Task2", "Task2", "{05F70AF0-2319-49B2-9801-12FF0191FA8F}"
EndProject
Project("{FAE04EC0-301F-11D3-BF4B-00C04F79EFBC}") = "Tyuiu.VlasenkoAE.Sprint2.Task2.V23", "Tyuiu.VlasenkoAE.Sprint2.Task2.V23\Tyuiu.VlasenkoAE.Sprint2.Task2.V23.csproj", "{92476288-4D58-49E6-916E-31E0830F2B18}"
EndProject
Project("{FAE04EC0-301F-11D3-BF4B-00C04F79EFBC}") = "Tyuiu.VlasenkoAE.Sprint2.Task2.V23.Lib", "Tyuiu.VlasenkoAE.Sprint2.Task2.V23.Lib\Tyuiu.VlasenkoAE.Sprint2.Task2.V23.Lib.csproj", "{4624313F-C956-456A-BC4A-CEFC43E4C441}"
EndProject
Project("{FAE04EC0-301F-11D3-BF4B-00C04F79EFBC}") = "Tyuiu.VlasenkoAE.Sprint2.Task2.V23.Test", "Tyuiu.VlasenkoAE.Sprint2.Task2.V23.Test\Tyuiu.VlasenkoAE.Sprint2.Task2.V23.Test.csproj", "{60E4877C-A036-4573-A321-9C71EA8F7D70}"
EndProject
Project("{2150E333-8FDC-42A3-9474-1A3956D46DE8}") = "Task3", "Task3", "{F782B617-65C2-4493-AC20-9CC2E10D9F64}"
EndProject
Project("{FAE04EC0-301F-11D3-BF4B-00C04F79EFBC}") = "Tyuiu.VlasenkoAE.Sprint2.Task3.V19", "Tyuiu.VlasenkoAE.Sprint2.Task3.V19\Tyuiu.VlasenkoAE.Sprint2.Task3.V19.csproj", "{7891203F-A8DE-4036-BC6F-3377CD8752C6}"
EndProject
Project("{FAE04EC0-301F-11D3-BF4B-00C04F79EFBC}") = "Tyuiu.VlasenkoAE.Sprint2.Task3.V19.Lib", "Tyuiu.VlasenkoAE.Sprint2.Task3.V19.Lib\Tyuiu.VlasenkoAE.Sprint2.Task3.V19.Lib.csproj", "{A5F01C70-EB12-41FF-A2A8-47EE26021B0C}"
EndProject
Project("{FAE04EC0-301F-11D3-BF4B-00C04F79EFBC}") = "Tyuiu.VlasenkoAE.Sprint2.Task3.V19.Test", "Tyuiu.VlasenkoAE.Sprint2.Task3.V19.Test\Tyuiu.VlasenkoAE.Sprint2.Task3.V19.Test.csproj", "{0648E059-A1B3-4D99-8024-902880C3409A}"
EndProject
Project("{2150E333-8FDC-42A3-9474-1A3956D46DE8}") = "Task4", "Task4", "{CACE2AEC-56FA-4C5E-BF9A-B80BD2F2D020}"
EndProject
Project("{FAE04EC0-301F-11D3-BF4B-00C04F79EFBC}") = "Tyuiu.VlasenkoAE.Sprint2.Task4.V13", "Tyuiu.VlasenkoAE.Sprint2.Task4.V13\Tyuiu.VlasenkoAE.Sprint2.Task4.V13.csproj", "{3025E0C3-7B37-42CE-AC98-11B7C2D88C45}"
EndProject
Project("{FAE04EC0-301F-11D3-BF4B-00C04F79EFBC}") = "Tyuiu.VlasenkoAE.Sprint2.Task4.V13.Lib", "Tyuiu.VlasenkoAE.Sprint2.Task4.V13.Lib\Tyuiu.VlasenkoAE.Sprint2.Task4.V13.Lib.csproj", "{B45BB66A-7327-44D0-A7B2-5BDAC9E8F37E}"
EndProject
Project("{FAE04EC0-301F-11D3-BF4B-00C04F79EFBC}") = "Tyuiu.VlasenkoAE.Sprint2.Task4.V13.Test", "Tyuiu.VlasenkoAE.Sprint2.Task4.V13.Test\Tyuiu.VlasenkoAE.Sprint2.Task4.V13.Test.csproj", "{8186F415-FE09-4F3A-8102-505E44FBB95E}"
EndProject
Project("{2150E333-8FDC-42A3-9474-1A3956D46DE8}") = "Task5", "Task5", "{FA03D8C2-A479-428A-9CCE-69267ABD93C6}"
EndProject
Project("{FAE04EC0-301F-11D3-BF4B-00C04F79EFBC}") = "Tyuiu.VlasenkoAE.Sprint2.Task5.V2", "Tyuiu.VlasenkoAE.Sprint2.Task5.V2\Tyuiu.VlasenkoAE.Sprint2.Task5.V2.csproj", "{7B44D690-6663-4605-9C38-96CD07673443}"
EndProject
Project("{FAE04EC0-301F-11D3-BF4B-00C04F79EFBC}") = "Tyuiu.VlasenkoAE.Sprint2.Task5.V2.Lib", "Tyuiu.VlasenkoAE.Sprint2.Task5.V2.Lib\Tyuiu.VlasenkoAE.Sprint2.Task5.V2.Lib.csproj", "{919BD8BF-0801-4EE6-A0D0-45F82BAF7D46}"
EndProject
Project("{FAE04EC0-301F-11D3-BF4B-00C04F79EFBC}") = "Tyuiu.VlasenkoAE.Sprint2.Task5.V2.Test", "Tyuiu.VlasenkoAE.Sprint2.Task5.V2.Test\Tyuiu.VlasenkoAE.Sprint2.Task5.V2.Test.csproj", "{6317A39D-8A4D-498B-BE62-1930783701B1}"
EndProject
Project("{2150E333-8FDC-42A3-9474-1A3956D46DE8}") = "Task6", "Task6", "{C99C8708-5FE7-4E44-BA50-3154432DED37}"
EndProject
Project("{FAE04EC0-301F-11D3-BF4B-00C04F79EFBC}") = "Tyuiu.VlasenkoAE.Sprint2.Task6.V1", "Tyuiu.VlasenkoAE.Sprint2.Task6.V1\Tyuiu.VlasenkoAE.Sprint2.Task6.V1.csproj", "{AFBCCA44-F2F0-47ED-9147-DD9BC652FEF8}"
EndProject
Project("{FAE04EC0-301F-11D3-BF4B-00C04F79EFBC}") = "Tyuiu.VlasenkoAE.Sprint2.Task6.V1.Lib", "Tyuiu.VlasenkoAE.Sprint2.Task6.V1.Lib\Tyuiu.VlasenkoAE.Sprint2.Task6.V1.Lib.csproj", "{FFF5D036-F4C9-468A-A178-99C3CA3E48EB}"
EndProject
Project("{FAE04EC0-301F-11D3-BF4B-00C04F79EFBC}") = "Tyuiu.VlasenkoAE.Sprint2.Task6.V1.Test", "Tyuiu.VlasenkoAE.Sprint2.Task6.V1.Test\Tyuiu.VlasenkoAE.Sprint2.Task6.V1.Test.csproj", "{CFA456F3-B2C3-4110-98FD-4C54A857051C}"
EndProject
Global
	GlobalSection(SolutionConfigurationPlatforms) = preSolution
		Debug|Any CPU = Debug|Any CPU
		Release|Any CPU = Release|Any CPU
	EndGlobalSection
	GlobalSection(ProjectConfigurationPlatforms) = postSolution
		{88CA921E-70D1-4D0D-B193-F95217ABB904}.Debug|Any CPU.ActiveCfg = Debug|Any CPU
		{88CA921E-70D1-4D0D-B193-F95217ABB904}.Debug|Any CPU.Build.0 = Debug|Any CPU
		{88CA921E-70D1-4D0D-B193-F95217ABB904}.Release|Any CPU.ActiveCfg = Release|Any CPU
		{88CA921E-70D1-4D0D-B193-F95217ABB904}.Release|Any CPU.Build.0 = Release|Any CPU
		{1B2360C2-41A8-422F-8F1E-4129E79A38D8}.Debug|Any CPU.ActiveCfg = Debug|Any CPU
		{1B2360C2-41A8-422F-8F1E-4129E79A38D8}.Debug|Any CPU.Build.0 = Debug|Any CPU
		{1B2360C2-41A8-422F-8F1E-4129E79A38D8}.Release|Any CPU.ActiveCfg = Release|Any CPU
		{1B2360C2-41A8-422F-8F1E-4129E79A38D8}.Release|Any CPU.Build.0 = Release|Any CPU
		{0BC4C60D-4FFD-41F4-9EE9-B94C12E7F193}.Debug|Any CPU.ActiveCfg = Debug|Any CPU
		{0BC4C60D-4FFD-41F4-9EE9-B94C12E7F193}.Debug|Any CPU.Build.0 = Debug|Any CPU
		{0BC4C60D-4FFD-41F4-9EE9-B94C12E7F193}.Release|Any CPU.ActiveCfg = Release|Any CPU
		{0BC4C60D-4FFD-41F4-9EE9-B94C12E7F193}.Release|Any CPU.Build.0 = Release|Any CPU
		{5F7B2DBC-6911-493E-B670-7F13A810A05B}.Debug|Any CPU.ActiveCfg = Debug|Any CPU
		{5F7B2DBC-6911-493E-B670-7F13A810A05B}.Debug|Any CPU.Build.0 = Debug|Any CPU
		{5F7B2DBC-6911-493E-B670-7F13A810A05B}.Release|Any CPU.ActiveCfg = Release|Any CPU
		{5F7B2DBC-6911-493E-B670-7F13A810A05B}.Release|Any CPU.Build.0 = Release|Any CPU
		{0380ADA5-5877-40B7-8705-560EDE0C1FE7}.Debug|Any CPU.ActiveCfg = Debug|Any CPU
		{0380ADA5-5877-40B7-8705-560EDE0C1FE7}.Debug|Any CPU.Build.0 = Debug|Any CPU
		{0380ADA5-5877-40B7-8705-560EDE0C1FE7}.Release|Any CPU.ActiveCfg = Release|Any CPU
		{0380ADA5-5877-40B7-8705-560EDE0C1FE7}.Release|Any CPU.Build.0 = Release|Any CPU
		{392D51B5-48F4-4C04-A61C-9876359B031E}.Debug|Any CPU.ActiveCfg = Debug|Any CPU
		{392D51B5-48F4-4C04-A61C-9876359B031E}.Debug|Any CPU.Build.0 = Debug|Any CPU
		{392D51B5-48F4-4C04-A61C-9876359B031E}.Release|Any CPU.ActiveCfg = Release|Any CPU
		{392D51B5-48F4-4C04-A61C-9876359B031E}.Release|Any CPU.Build.0 = Release|Any CPU
		{92476288-4D58-49E6-916E-31E0830F2B18}.Debug|Any CPU.ActiveCfg = Debug|Any CPU
		{92476288-4D58-49E6-916E-31E0830F2B18}.Debug|Any CPU.Build.0 = Debug|Any CPU
		{92476288-4D58-49E6-916E-31E0830F2B18}.Release|Any CPU.ActiveCfg = Release|Any CPU
		{92476288-4D58-49E6-916E-31E0830F2B18}.Release|Any CPU.Build.0 = Release|Any CPU
		{4624313F-C956-456A-BC4A-CEFC43E4C441}.Debug|Any CPU.ActiveCfg = Debug|Any CPU
		{4624313F-C956-456A-BC4A-CEFC43E4C441}.Debug|Any CPU.Build.0 = Debug|Any CPU
		{4624313F-C956-456A-BC4A-CEFC43E4C441}.Release|Any CPU.ActiveCfg = Release|Any CPU
		{4624313F-C956-456A-BC4A-CEFC43E4C441}.Release|Any CPU.Build.0 = Release|Any CPU
		{60E4877C-A036-4573-A321-9C71EA8F7D70}.Debug|Any CPU.ActiveCfg = Debug|Any CPU
		{60E4877C-A036-4573-A321-9C71EA8F7D70}.Debug|Any CPU.Build.0 = Debug|Any CPU
		{60E4877C-A036-4573-A321-9C71EA8F7D70}.Release|Any CPU.ActiveCfg = Release|Any CPU
		{60E4877C-A036-4573-A321-9C71EA8F7D70}.Release|Any CPU.Build.0 = Release|Any CPU
		{7891203F-A8DE-4036-BC6F-3377CD8752C6}.Debug|Any CPU.ActiveCfg = Debug|Any CPU
		{7891203F-A8DE-4036-BC6F-3377CD8752C6}.Debug|Any CPU.Build.0 = Debug|Any CPU
		{7891203F-A8DE-4036-BC6F-3377CD8752C6}.Release|Any CPU.ActiveCfg = Release|Any CPU
		{7891203F-A8DE-4036-BC6F-3377CD8752C6}.Release|Any CPU.Build.0 = Release|Any CPU
		{A5F01C70-EB12-41FF-A2A8-47EE26021B0C}.Debug|Any CPU.ActiveCfg = Debug|Any CPU
		{A5F01C70-EB12-41FF-A2A8-47EE26021B0C}.Debug|Any CPU.Build.0 = Debug|Any CPU
		{A5F01C70-EB12-41FF-A2A8-47EE26021B0C}.Release|Any CPU.ActiveCfg = Release|Any CPU
		{A5F01C70-EB12-41FF-A2A8-47EE26021B0C}.Release|Any CPU.Build.0 = Release|Any CPU
		{0648E059-A1B3-4D99-8024-902880C3409A}.Debug|Any CPU.ActiveCfg = Debug|Any CPU
		{0648E059-A1B3-4D99-8024-902880C3409A}.Debug|Any CPU.Build.0 = Debug|Any CPU
		{0648E059-A1B3-4D99-8024-902880C3409A}.Release|Any CPU.ActiveCfg = Release|Any CPU
		{0648E059-A1B3-4D99-8024-902880C3409A}.Release|Any CPU.Build.0 = Release|Any CPU
		{3025E0C3-7B37-42CE-AC98-11B7C2D88C45}.Debug|Any CPU.ActiveCfg = Debug|Any CPU
		{3025E0C3-7B37-42CE-AC98-11B7C2D88C45}.Debug|Any CPU.Build.0 = Debug|Any CPU
		{3025E0C3-7B37-42CE-AC98-11B7C2D88C45}.Release|Any CPU.ActiveCfg = Release|Any CPU
		{3025E0C3-7B37-42CE-AC98-11B7C2D88C45}.Release|Any CPU.Build.0 = Release|Any CPU
		{B45BB66A-7327-44D0-A7B2-5BDAC9E8F37E}.Debug|Any CPU.ActiveCfg = Debug|Any CPU
		{B45BB66A-7327-44D0-A7B2-5BDAC9E8F37E}.Debug|Any CPU.Build.0 = Debug|Any CPU
		{B45BB66A-7327-44D0-A7B2-5BDAC9E8F37E}.Release|Any CPU.ActiveCfg = Release|Any CPU
		{B45BB66A-7327-44D0-A7B2-5BDAC9E8F37E}.Release|Any CPU.Build.0 = Release|Any CPU
		{8186F415-FE09-4F3A-8102-505E44FBB95E}.Debug|Any CPU.ActiveCfg = Debug|Any CPU
		{8186F415-FE09-4F3A-8102-505E44FBB95E}.Debug|Any CPU.Build.0 = Debug|Any CPU
		{8186F415-FE09-4F3A-8102-505E44FBB95E}.Release|Any CPU.ActiveCfg = Release|Any CPU
		{8186F415-FE09-4F3A-8102-505E44FBB95E}.Release|Any CPU.Build.0 = Release|Any CPU
		{7B44D690-6663-4605-9C38-96CD07673443}.Debug|Any CPU.ActiveCfg = Debug|Any CPU
		{7B44D690-6663-4605-9C38-96CD07673443}.Debug|Any CPU.Build.0 = Debug|Any CPU
		{7B44D690-6663-4605-9C38-96CD07673443}.Release|Any CPU.ActiveCfg = Release|Any CPU
		{7B44D690-6663-4605-9C38-96CD07673443}.Release|Any CPU.Build.0 = Release|Any CPU
		{919BD8BF-0801-4EE6-A0D0-45F82BAF7D46}.Debug|Any CPU.ActiveCfg = Debug|Any CPU
		{919BD8BF-0801-4EE6-A0D0-45F82BAF7D46}.Debug|Any CPU.Build.0 = Debug|Any CPU
		{919BD8BF-0801-4EE6-A0D0-45F82BAF7D46}.Release|Any CPU.ActiveCfg = Release|Any CPU
		{919BD8BF-0801-4EE6-A0D0-45F82BAF7D46}.Release|Any CPU.Build.0 = Release|Any CPU
		{6317A39D-8A4D-498B-BE62-1930783701B1}.Debug|Any CPU.ActiveCfg = Debug|Any CPU
		{6317A39D-8A4D-498B-BE62-1930783701B1}.Debug|Any CPU.Build.0 = Debug|Any CPU
		{6317A39D-8A4D-498B-BE62-1930783701B1}.Release|Any CPU.ActiveCfg = Release|Any CPU
		{6317A39D-8A4D-498B-BE62-1930783701B1}.Release|Any CPU.Build.0 = Release|Any CPU
		{AFBCCA44-F2F0-47ED-9147-DD9BC652FEF8}.Debug|Any CPU.ActiveCfg = Debug|Any CPU
		{AFBCCA44-F2F0-47ED-9147-DD9BC652FEF8}.Debug|Any CPU.Build.0 = Debug|Any CPU
		{AFBCCA44-F2F0-47ED-9147-DD9BC652FEF8}.Release|Any CPU.ActiveCfg = Release|Any CPU
		{AFBCCA44-F2F0-47ED-9147-DD9BC652FEF8}.Release|Any CPU.Build.0 = Release|Any CPU
		{FFF5D036-F4C9-468A-A178-99C3CA3E48EB}.Debug|Any CPU.ActiveCfg = Debug|Any CPU
		{FFF5D036-F4C9-468A-A178-99C3CA3E48EB}.Debug|Any CPU.Build.0 = Debug|Any CPU
		{FFF5D036-F4C9-468A-A178-99C3CA3E48EB}.Release|Any CPU.ActiveCfg = Release|Any CPU
		{FFF5D036-F4C9-468A-A178-99C3CA3E48EB}.Release|Any CPU.Build.0 = Release|Any CPU
		{CFA456F3-B2C3-4110-98FD-4C54A857051C}.Debug|Any CPU.ActiveCfg = Debug|Any CPU
		{CFA456F3-B2C3-4110-98FD-4C54A857051C}.Debug|Any CPU.Build.0 = Debug|Any CPU
		{CFA456F3-B2C3-4110-98FD-4C54A857051C}.Release|Any CPU.ActiveCfg = Release|Any CPU
		{CFA456F3-B2C3-4110-98FD-4C54A857051C}.Release|Any CPU.Build.0 = Release|Any CPU
	EndGlobalSection
	GlobalSection(SolutionProperties) = preSolution
		HideSolutionNode = FALSE
	EndGlobalSection
	GlobalSection(NestedProjects) = preSolution
		{88CA921E-70D1-4D0D-B193-F95217ABB904} = {02EA681E-C7D8-13C7-8484-4AC65E1B71E8}
		{1B2360C2-41A8-422F-8F1E-4129E79A38D8} = {02EA681E-C7D8-13C7-8484-4AC65E1B71E8}
		{0BC4C60D-4FFD-41F4-9EE9-B94C12E7F193} = {02EA681E-C7D8-13C7-8484-4AC65E1B71E8}
		{5F7B2DBC-6911-493E-B670-7F13A810A05B} = {0ECAE45B-39B9-4659-8D87-3A9C5645FD5D}
		{0380ADA5-5877-40B7-8705-560EDE0C1FE7} = {0ECAE45B-39B9-4659-8D87-3A9C5645FD5D}
		{392D51B5-48F4-4C04-A61C-9876359B031E} = {0ECAE45B-39B9-4659-8D87-3A9C5645FD5D}
		{92476288-4D58-49E6-916E-31E0830F2B18} = {05F70AF0-2319-49B2-9801-12FF0191FA8F}
		{4624313F-C956-456A-BC4A-CEFC43E4C441} = {05F70AF0-2319-49B2-9801-12FF0191FA8F}
		{60E4877C-A036-4573-A321-9C71EA8F7D70} = {05F70AF0-2319-49B2-9801-12FF0191FA8F}
		{7891203F-A8DE-4036-BC6F-3377CD8752C6} = {F782B617-65C2-4493-AC20-9CC2E10D9F64}
		{A5F01C70-EB12-41FF-A2A8-47EE26021B0C} = {F782B617-65C2-4493-AC20-9CC2E10D9F64}
		{0648E059-A1B3-4D99-8024-902880C3409A} = {F782B617-65C2-4493-AC20-9CC2E10D9F64}
		{3025E0C3-7B37-42CE-AC98-11B7C2D88C45} = {CACE2AEC-56FA-4C5E-BF9A-B80BD2F2D020}
		{B45BB66A-7327-44D0-A7B2-5BDAC9E8F37E} = {CACE2AEC-56FA-4C5E-BF9A-B80BD2F2D020}
		{8186F415-FE09-4F3A-8102-505E44FBB95E} = {CACE2AEC-56FA-4C5E-BF9A-B80BD2F2D020}
		{7B44D690-6663-4605-9C38-96CD07673443} = {FA03D8C2-A479-428A-9CCE-69267ABD93C6}
		{919BD8BF-0801-4EE6-A0D0-45F82BAF7D46} = {FA03D8C2-A479-428A-9CCE-69267ABD93C6}
		{6317A39D-8A4D-498B-BE62-1930783701B1} = {FA03D8C2-A479-428A-9CCE-69267ABD93C6}
		{AFBCCA44-F2F0-47ED-9147-DD9BC652FEF8} = {C99C8708-5FE7-4E44-BA50-3154432DED37}
		{FFF5D036-F4C9-468A-A178-99C3CA3E48EB} = {C99C8708-5FE7-4E44-BA50-3154432DED37}
		{CFA456F3-B2C3-4110-98FD-4C54A857051C} = {C99C8708-5FE7-4E44-BA50-3154432DED37}
	EndGlobalSection
	GlobalSection(ExtensibilityGlobals) = postSolution
		SolutionGuid = {D9872DC6-DD36-47C7-8166-ADAE7E89C4F7}
	EndGlobalSection
EndGlobal
